
Microsoft Visual Studio Solution File, Format Version 12.00
# Visual Studio Version 16
VisualStudioVersion = 16.0.30114.105
MinimumVisualStudioVersion = 10.0.40219.1
Project("{FAE04EC0-301F-11D3-BF4B-00C04F79EFBC}") = "Brelio.Api", "Brelio.Api\Brelio.Api.csproj", "{BF0ACEB6-4300-44C0-8E32-DD8B58FF1D28}"
EndProject
Project("{FAE04EC0-301F-11D3-BF4B-00C04F79EFBC}") = "Brelio.Core", "Brelio.Core\Brelio.Core.csproj", "{23CF46B7-258E-4CC3-B9B6-89E016D36875}"
EndProject
Project("{FAE04EC0-301F-11D3-BF4B-00C04F79EFBC}") = "Brelio.Infrastructure", "Brelio.Infrastructure\Brelio.Infrastructure.csproj", "{1AEC2BD1-C436-4870-A016-5EC4642003AB}"
EndProject
Global
	GlobalSection(SolutionConfigurationPlatforms) = preSolution
		Debug|Any CPU = Debug|Any CPU
		Debug|x64 = Debug|x64
		Debug|x86 = Debug|x86
		Release|Any CPU = Release|Any CPU
		Release|x64 = Release|x64
		Release|x86 = Release|x86
	EndGlobalSection
	GlobalSection(ProjectConfigurationPlatforms) = postSolution
		{BF0ACEB6-4300-44C0-8E32-DD8B58FF1D28}.Debug|Any CPU.ActiveCfg = Debug|Any CPU
		{BF0ACEB6-4300-44C0-8E32-DD8B58FF1D28}.Debug|Any CPU.Build.0 = Debug|Any CPU
		{BF0ACEB6-4300-44C0-8E32-DD8B58FF1D28}.Debug|x64.ActiveCfg = Debug|Any CPU
		{BF0ACEB6-4300-44C0-8E32-DD8B58FF1D28}.Debug|x64.Build.0 = Debug|Any CPU
		{BF0ACEB6-4300-44C0-8E32-DD8B58FF1D28}.Debug|x86.ActiveCfg = Debug|Any CPU
		{BF0ACEB6-4300-44C0-8E32-DD8B58FF1D28}.Debug|x86.Build.0 = Debug|Any CPU
		{BF0ACEB6-4300-44C0-8E32-DD8B58FF1D28}.Release|Any CPU.ActiveCfg = Release|Any CPU
		{BF0ACEB6-4300-44C0-8E32-DD8B58FF1D28}.Release|Any CPU.Build.0 = Release|Any CPU
		{BF0ACEB6-4300-44C0-8E32-DD8B58FF1D28}.Release|x64.ActiveCfg = Release|Any CPU
		{BF0ACEB6-4300-44C0-8E32-DD8B58FF1D28}.Release|x64.Build.0 = Release|Any CPU
		{BF0ACEB6-4300-44C0-8E32-DD8B58FF1D28}.Release|x86.ActiveCfg = Release|Any CPU
		{BF0ACEB6-4300-44C0-8E32-DD8B58FF1D28}.Release|x86.Build.0 = Release|Any CPU
		{23CF46B7-258E-4CC3-B9B6-89E016D36875}.Debug|Any CPU.ActiveCfg = Debug|Any CPU
		{23CF46B7-258E-4CC3-B9B6-89E016D36875}.Debug|Any CPU.Build.0 = Debug|Any CPU
		{23CF46B7-258E-4CC3-B9B6-89E016D36875}.Debug|x64.ActiveCfg = Debug|Any CPU
		{23CF46B7-258E-4CC3-B9B6-89E016D36875}.Debug|x64.Build.0 = Debug|Any CPU
		{23CF46B7-258E-4CC3-B9B6-89E016D36875}.Debug|x86.ActiveCfg = Debug|Any CPU
		{23CF46B7-258E-4CC3-B9B6-89E016D36875}.Debug|x86.Build.0 = Debug|Any CPU
		{23CF46B7-258E-4CC3-B9B6-89E016D36875}.Release|Any CPU.ActiveCfg = Release|Any CPU
		{23CF46B7-258E-4CC3-B9B6-89E016D36875}.Release|Any CPU.Build.0 = Release|Any CPU
		{23CF46B7-258E-4CC3-B9B6-89E016D36875}.Release|x64.ActiveCfg = Release|Any CPU
		{23CF46B7-258E-4CC3-B9B6-89E016D36875}.Release|x64.Build.0 = Release|Any CPU
		{23CF46B7-258E-4CC3-B9B6-89E016D36875}.Release|x86.ActiveCfg = Release|Any CPU
		{23CF46B7-258E-4CC3-B9B6-89E016D36875}.Release|x86.Build.0 = Release|Any CPU
		{1AEC2BD1-C436-4870-A016-5EC4642003AB}.Debug|Any CPU.ActiveCfg = Debug|Any CPU
		{1AEC2BD1-C436-4870-A016-5EC4642003AB}.Debug|Any CPU.Build.0 = Debug|Any CPU
		{1AEC2BD1-C436-4870-A016-5EC4642003AB}.Debug|x64.ActiveCfg = Debug|Any CPU
		{1AEC2BD1-C436-4870-A016-5EC4642003AB}.Debug|x64.Build.0 = Debug|Any CPU
		{1AEC2BD1-C436-4870-A016-5EC4642003AB}.Debug|x86.ActiveCfg = Debug|Any CPU
		{1AEC2BD1-C436-4870-A016-5EC4642003AB}.Debug|x86.Build.0 = Debug|Any CPU
		{1AEC2BD1-C436-4870-A016-5EC4642003AB}.Release|Any CPU.ActiveCfg = Release|Any CPU
		{1AEC2BD1-C436-4870-A016-5EC4642003AB}.Release|Any CPU.Build.0 = Release|Any CPU
		{1AEC2BD1-C436-4870-A016-5EC4642003AB}.Release|x64.ActiveCfg = Release|Any CPU
		{1AEC2BD1-C436-4870-A016-5EC4642003AB}.Release|x64.Build.0 = Release|Any CPU
		{1AEC2BD1-C436-4870-A016-5EC4642003AB}.Release|x86.ActiveCfg = Release|Any CPU
		{1AEC2BD1-C436-4870-A016-5EC4642003AB}.Release|x86.Build.0 = Release|Any CPU
	EndGlobalSection
	GlobalSection(SolutionProperties) = preSolution
		HideSolutionNode = FALSE
	EndGlobalSection
EndGlobal
